// !$*UTF8*$!
{
	archiveVersion = 1;
	classes = {
	};
	objectVersion = 46;
	objects = {

/* Begin PBXBuildFile section */
		54817A341BFA8505001C2119 /* AppDelegate.swift in Sources */ = {isa = PBXBuildFile; fileRef = 54817A331BFA8505001C2119 /* AppDelegate.swift */; };
		54817A361BFA8505001C2119 /* ViewController.swift in Sources */ = {isa = PBXBuildFile; fileRef = 54817A351BFA8505001C2119 /* ViewController.swift */; };
		54817A391BFA8505001C2119 /* Main.storyboard in Resources */ = {isa = PBXBuildFile; fileRef = 54817A371BFA8505001C2119 /* Main.storyboard */; };
		54817A3B1BFA8505001C2119 /* Assets.xcassets in Resources */ = {isa = PBXBuildFile; fileRef = 54817A3A1BFA8505001C2119 /* Assets.xcassets */; };
		54817A3E1BFA8505001C2119 /* LaunchScreen.storyboard in Resources */ = {isa = PBXBuildFile; fileRef = 54817A3C1BFA8505001C2119 /* LaunchScreen.storyboard */; };
		54817A461BFA8682001C2119 /* Player.swift in Sources */ = {isa = PBXBuildFile; fileRef = 54817A451BFA8682001C2119 /* Player.swift */; };
		54817A481BFA8945001C2119 /* NetworkController.swift in Sources */ = {isa = PBXBuildFile; fileRef = 54817A471BFA8945001C2119 /* NetworkController.swift */; };
/* End PBXBuildFile section */

/* Begin PBXFileReference section */
		54817A301BFA8505001C2119 /* loltilt.app */ = {isa = PBXFileReference; explicitFileType = wrapper.application; includeInIndex = 0; path = loltilt.app; sourceTree = BUILT_PRODUCTS_DIR; };
		54817A331BFA8505001C2119 /* AppDelegate.swift */ = {isa = PBXFileReference; lastKnownFileType = sourcecode.swift; path = AppDelegate.swift; sourceTree = "<group>"; };
		54817A351BFA8505001C2119 /* ViewController.swift */ = {isa = PBXFileReference; lastKnownFileType = sourcecode.swift; path = ViewController.swift; sourceTree = "<group>"; };
		54817A381BFA8505001C2119 /* Base */ = {isa = PBXFileReference; lastKnownFileType = file.storyboard; name = Base; path = Base.lproj/Main.storyboard; sourceTree = "<group>"; };
		54817A3A1BFA8505001C2119 /* Assets.xcassets */ = {isa = PBXFileReference; lastKnownFileType = folder.assetcatalog; path = Assets.xcassets; sourceTree = "<group>"; };
		54817A3D1BFA8505001C2119 /* Base */ = {isa = PBXFileReference; lastKnownFileType = file.storyboard; name = Base; path = Base.lproj/LaunchScreen.storyboard; sourceTree = "<group>"; };
		54817A3F1BFA8505001C2119 /* Info.plist */ = {isa = PBXFileReference; lastKnownFileType = text.plist.xml; path = Info.plist; sourceTree = "<group>"; };
		54817A451BFA8682001C2119 /* Player.swift */ = {isa = PBXFileReference; fileEncoding = 4; lastKnownFileType = sourcecode.swift; path = Player.swift; sourceTree = "<group>"; };
		54817A471BFA8945001C2119 /* NetworkController.swift */ = {isa = PBXFileReference; fileEncoding = 4; lastKnownFileType = sourcecode.swift; path = NetworkController.swift; sourceTree = "<group>"; };
/* End PBXFileReference section */

/* Begin PBXFrameworksBuildPhase section */
		54817A2D1BFA8505001C2119 /* Frameworks */ = {
			isa = PBXFrameworksBuildPhase;
			buildActionMask = 2147483647;
			files = (
			);
			runOnlyForDeploymentPostprocessing = 0;
		};
/* End PBXFrameworksBuildPhase section */

/* Begin PBXGroup section */
		54817A271BFA8505001C2119 = {
			isa = PBXGroup;
			children = (
				54817A321BFA8505001C2119 /* loltilt */,
				54817A311BFA8505001C2119 /* Products */,
			);
			sourceTree = "<group>";
		};
		54817A311BFA8505001C2119 /* Products */ = {
			isa = PBXGroup;
			children = (
				54817A301BFA8505001C2119 /* loltilt.app */,
			);
			name = Products;
			sourceTree = "<group>";
		};
		54817A321BFA8505001C2119 /* loltilt */ = {
			isa = PBXGroup;
			children = (
				54817A331BFA8505001C2119 /* AppDelegate.swift */,
				54817A351BFA8505001C2119 /* ViewController.swift */,
				54817A371BFA8505001C2119 /* Main.storyboard */,
				54817A451BFA8682001C2119 /* Player.swift */,
				54817A471BFA8945001C2119 /* NetworkController.swift */,
				54817A3A1BFA8505001C2119 /* Assets.xcassets */,
				54817A3C1BFA8505001C2119 /* LaunchScreen.storyboard */,
				54817A3F1BFA8505001C2119 /* Info.plist */,
			);
			path = loltilt;
			sourceTree = "<group>";
		};
/* End PBXGroup section */

/* Begin PBXNativeTarget section */
		54817A2F1BFA8505001C2119 /* loltilt */ = {
			isa = PBXNativeTarget;
			buildConfigurationList = 54817A421BFA8505001C2119 /* Build configuration list for PBXNativeTarget "loltilt" */;
			buildPhases = (
				54817A2C1BFA8505001C2119 /* Sources */,
				54817A2D1BFA8505001C2119 /* Frameworks */,
				54817A2E1BFA8505001C2119 /* Resources */,
			);
			buildRules = (
			);
			dependencies = (
			);
			name = loltilt;
			productName = loltilt;
			productReference = 54817A301BFA8505001C2119 /* loltilt.app */;
			productType = "com.apple.product-type.application";
		};
/* End PBXNativeTarget section */

/* Begin PBXProject section */
		54817A281BFA8505001C2119 /* Project object */ = {
			isa = PBXProject;
			attributes = {
				LastSwiftUpdateCheck = 0710;
				LastUpgradeCheck = 0710;
				ORGANIZATIONNAME = "Sean Chang";
				TargetAttributes = {
					54817A2F1BFA8505001C2119 = {
						CreatedOnToolsVersion = 7.1;
						DevelopmentTeam = 82J73633T3;
					};
				};
			};
			buildConfigurationList = 54817A2B1BFA8505001C2119 /* Build configuration list for PBXProject "loltilt" */;
			compatibilityVersion = "Xcode 3.2";
			developmentRegion = English;
			hasScannedForEncodings = 0;
			knownRegions = (
				en,
				Base,
			);
			mainGroup = 54817A271BFA8505001C2119;
			productRefGroup = 54817A311BFA8505001C2119 /* Products */;
			projectDirPath = "";
			projectRoot = "";
			targets = (
				54817A2F1BFA8505001C2119 /* loltilt */,
			);
		};
/* End PBXProject section */

/* Begin PBXResourcesBuildPhase section */
		54817A2E1BFA8505001C2119 /* Resources */ = {
			isa = PBXResourcesBuildPhase;
			buildActionMask = 2147483647;
			files = (
				54817A3E1BFA8505001C2119 /* LaunchScreen.storyboard in Resources */,
				54817A3B1BFA8505001C2119 /* Assets.xcassets in Resources */,
				54817A391BFA8505001C2119 /* Main.storyboard in Resources */,
			);
			runOnlyForDeploymentPostprocessing = 0;
		};
/* End PBXResourcesBuildPhase section */

/* Begin PBXSourcesBuildPhase section */
		54817A2C1BFA8505001C2119 /* Sources */ = {
			isa = PBXSourcesBuildPhase;
			buildActionMask = 2147483647;
			files = (
				54817A481BFA8945001C2119 /* NetworkController.swift in Sources */,
				54817A361BFA8505001C2119 /* ViewController.swift in Sources */,
				54817A461BFA8682001C2119 /* Player.swift in Sources */,
				54817A341BFA8505001C2119 /* AppDelegate.swift in Sources */,
			);
			runOnlyForDeploymentPostprocessing = 0;
		};
/* End PBXSourcesBuildPhase section */

/* Begin PBXVariantGroup section */
		54817A371BFA8505001C2119 /* Main.storyboard */ = {
			isa = PBXVariantGroup;
			children = (
				54817A381BFA8505001C2119 /* Base */,
			);
			name = Main.storyboard;
			sourceTree = "<group>";
		};
		54817A3C1BFA8505001C2119 /* LaunchScreen.storyboard */ = {
			isa = PBXVariantGroup;
			children = (
				54817A3D1BFA8505001C2119 /* Base */,
			);
			name = LaunchScreen.storyboard;
			sourceTree = "<group>";
		};
/* End PBXVariantGroup section */

/* Begin XCBuildConfiguration section */
		54817A401BFA8505001C2119 /* Debug */ = {
			isa = XCBuildConfiguration;
			buildSettings = {
				ALWAYS_SEARCH_USER_PATHS = NO;
				CLANG_CXX_LANGUAGE_STANDARD = "gnu++0x";
				CLANG_CXX_LIBRARY = "libc++";
				CLANG_ENABLE_MODULES = YES;
				CLANG_ENABLE_OBJC_ARC = YES;
				CLANG_WARN_BOOL_CONVERSION = YES;
				CLANG_WARN_CONSTANT_CONVERSION = YES;
				CLANG_WARN_DIRECT_OBJC_ISA_USAGE = YES_ERROR;
				CLANG_WARN_EMPTY_BODY = YES;
				CLANG_WARN_ENUM_CONVERSION = YES;
				CLANG_WARN_INT_CONVERSION = YES;
				CLANG_WARN_OBJC_ROOT_CLASS = YES_ERROR;
				CLANG_WARN_UNREACHABLE_CODE = YES;
				CLANG_WARN__DUPLICATE_METHOD_MATCH = YES;
				"CODE_SIGN_IDENTITY[sdk=iphoneos*]" = "iPhone Developer";
				COPY_PHASE_STRIP = NO;
				DEBUG_INFORMATION_FORMAT = dwarf;
				ENABLE_STRICT_OBJC_MSGSEND = YES;
				ENABLE_TESTABILITY = YES;
				GCC_C_LANGUAGE_STANDARD = gnu99;
				GCC_DYNAMIC_NO_PIC = NO;
				GCC_NO_COMMON_BLOCKS = YES;
				GCC_OPTIMIZATION_LEVEL = 0;
				GCC_PREPROCESSOR_DEFINITIONS = (
					"DEBUG=1",
					"$(inherited)",
				);
				GCC_WARN_64_TO_32_BIT_CONVERSION = YES;
				GCC_WARN_ABOUT_RETURN_TYPE = YES_ERROR;
				GCC_WARN_UNDECLARED_SELECTOR = YES;
				GCC_WARN_UNINITIALIZED_AUTOS = YES_AGGRESSIVE;
				GCC_WARN_UNUSED_FUNCTION = YES;
				GCC_WARN_UNUSED_VARIABLE = YES;
				IPHONEOS_DEPLOYMENT_TARGET = 9.1;
				MTL_ENABLE_DEBUG_INFO = YES;
				ONLY_ACTIVE_ARCH = YES;
				SDKROOT = iphoneos;
				SWIFT_OPTIMIZATION_LEVEL = "-Onone";
				TARGETED_DEVICE_FAMILY = "1,2";
			};
			name = Debug;
		};
		54817A411BFA8505001C2119 /* Release */ = {
			isa = XCBuildConfiguration;
			buildSettings = {
				ALWAYS_SEARCH_USER_PATHS = NO;
				CLANG_CXX_LANGUAGE_STANDARD = "gnu++0x";
				CLANG_CXX_LIBRARY = "libc++";
				CLANG_ENABLE_MODULES = YES;
				CLANG_ENABLE_OBJC_ARC = YES;
				CLANG_WARN_BOOL_CONVERSION = YES;
				CLANG_WARN_CONSTANT_CONVERSION = YES;
				CLANG_WARN_DIRECT_OBJC_ISA_USAGE = YES_ERROR;
				CLANG_WARN_EMPTY_BODY = YES;
				CLANG_WARN_ENUM_CONVERSION = YES;
				CLANG_WARN_INT_CONVERSION = YES;
				CLANG_WARN_OBJC_ROOT_CLASS = YES_ERROR;
				CLANG_WARN_UNREACHABLE_CODE = YES;
				CLANG_WARN__DUPLICATE_METHOD_MATCH = YES;
				"CODE_SIGN_IDENTITY[sdk=iphoneos*]" = "iPhone Developer";
				COPY_PHASE_STRIP = NO;
				DEBUG_INFORMATION_FORMAT = "dwarf-with-dsym";
				ENABLE_NS_ASSERTIONS = NO;
				ENABLE_STRICT_OBJC_MSGSEND = YES;
				GCC_C_LANGUAGE_STANDARD = gnu99;
				GCC_NO_COMMON_BLOCKS = YES;
				GCC_WARN_64_TO_32_BIT_CONVERSION = YES;
				GCC_WARN_ABOUT_RETURN_TYPE = YES_ERROR;
				GCC_WARN_UNDECLARED_SELECTOR = YES;
				GCC_WARN_UNINITIALIZED_AUTOS = YES_AGGRESSIVE;
				GCC_WARN_UNUSED_FUNCTION = YES;
				GCC_WARN_UNUSED_VARIABLE = YES;
				IPHONEOS_DEPLOYMENT_TARGET = 9.1;
				MTL_ENABLE_DEBUG_INFO = NO;
				SDKROOT = iphoneos;
				TARGETED_DEVICE_FAMILY = "1,2";
				VALIDATE_PRODUCT = YES;
			};
			name = Release;
		};
		54817A431BFA8505001C2119 /* Debug */ = {
			isa = XCBuildConfiguration;
			buildSettings = {
				ASSETCATALOG_COMPILER_APPICON_NAME = AppIcon;
				INFOPLIST_FILE = loltilt/Info.plist;
				LD_RUNPATH_SEARCH_PATHS = "$(inherited) @executable_path/Frameworks";
				PRODUCT_BUNDLE_IDENTIFIER = com.example.loltilt;
				PRODUCT_NAME = "$(TARGET_NAME)";
			};
			name = Debug;
		};
		54817A441BFA8505001C2119 /* Release */ = {
			isa = XCBuildConfiguration;
			buildSettings = {
				ASSETCATALOG_COMPILER_APPICON_NAME = AppIcon;
				INFOPLIST_FILE = loltilt/Info.plist;
				LD_RUNPATH_SEARCH_PATHS = "$(inherited) @executable_path/Frameworks";
				PRODUCT_BUNDLE_IDENTIFIER = com.example.loltilt;
				PRODUCT_NAME = "$(TARGET_NAME)";
			};
			name = Release;
		};
/* End XCBuildConfiguration section */

/* Begin XCConfigurationList section */
		54817A2B1BFA8505001C2119 /* Build configuration list for PBXProject "loltilt" */ = {
			isa = XCConfigurationList;
			buildConfigurations = (
				54817A401BFA8505001C2119 /* Debug */,
				54817A411BFA8505001C2119 /* Release */,
			);
			defaultConfigurationIsVisible = 0;
			defaultConfigurationName = Release;
		};
		54817A421BFA8505001C2119 /* Build configuration list for PBXNativeTarget "loltilt" */ = {
			isa = XCConfigurationList;
			buildConfigurations = (
				54817A431BFA8505001C2119 /* Debug */,
				54817A441BFA8505001C2119 /* Release */,
			);
			defaultConfigurationIsVisible = 0;
		};
/* End XCConfigurationList section */
	};
	rootObject = 54817A281BFA8505001C2119 /* Project object */;
}
